Microsoft Visual Studio Solution File, Format Version 11.00
# Visual Studio 2008

Project("{2170567E-6DF5-1011-04AF-7ECDE1DEB3D7}") = "ZombieSurvivalGame", "Assembly-CSharp.csproj", "{1B14ABC8-685B-2266-E524-8136A5670A07}"
EndProject
Global
	GlobalSection(SolutionConfigurationPlatforms) = preSolution
		Debug|Any CPU = Debug|Any CPU
		Release|Any CPU = Release|Any CPU
	EndGlobalSection
	GlobalSection(ProjectConfigurationPlatforms) = postSolution
		{1B14ABC8-685B-2266-E524-8136A5670A07}.Debug|Any CPU.ActiveCfg = Debug|Any CPU
		{1B14ABC8-685B-2266-E524-8136A5670A07}.Debug|Any CPU.Build.0 = Debug|Any CPU
		{1B14ABC8-685B-2266-E524-8136A5670A07}.Release|Any CPU.ActiveCfg = Release|Any CPU
		{1B14ABC8-685B-2266-E524-8136A5670A07}.Release|Any CPU.Build.0 = Release|Any CPU
	EndGlobalSection
	GlobalSection(SolutionProperties) = preSolution
		HideSolutionNode = FALSE
	EndGlobalSection
	GlobalSection(MonoDevelopProperties) = preSolution
		StartupItem = Assembly-CSharp.csproj
	EndGlobalSection
EndGlobal
